{
  "requires": true,
  "lockfileVersion": 1,
  "dependencies": {
    "fuse.js": {
      "version": "6.4.3",
      "resolved": "https://registry.npmjs.org/fuse.js/-/fuse.js-6.4.3.tgz",
      "integrity": "sha512-JNgngolukIrqwayWnvy6NLH63hmwKPhm63o0uyBg51jPD0j09IvAzlV1rTXfAsgxpghI7khAo6Mv+EmvjDWXig=="
    },
    "fuzzy-search": {
      "version": "3.2.1",
      "resolved": "https://registry.npmjs.org/fuzzy-search/-/fuzzy-search-3.2.1.tgz",
      "integrity": "sha512-vAcPiyomt1ioKAsAL2uxSABHJ4Ju/e4UeDM+g1OlR0vV4YhLGMNsdLNvZTpEDY4JCSt0E4hASCNM5t2ETtsbyg=="
    }
  }
}
